
Microsoft Visual Studio Solution File, Format Version 12.00
# Visual Studio Version 16
VisualStudioVersion = 16.0.29920.165
MinimumVisualStudioVersion = 10.0.40219.1
Project("{FAE04EC0-301F-11D3-BF4B-00C04F79EFBC}") = "ConsoleGenericStrategy", "ConsoleGenericStrategy\ConsoleGenericStrategy.csproj", "{8B4BC8C5-4C7E-449B-921A-C0068ECB91C2}"
EndProject
Project("{FAE04EC0-301F-11D3-BF4B-00C04F79EFBC}") = "ConsoleGenericStrategy.Tests", "ConsoleGenericStrategy.Tests\ConsoleGenericStrategy.Tests.csproj", "{3A9830E5-ED94-47CE-8EF5-282A05E1DFD6}"
EndProject
Global
	GlobalSection(SolutionConfigurationPlatforms) = preSolution
		Debug|Any CPU = Debug|Any CPU
		Release|Any CPU = Release|Any CPU
	EndGlobalSection
	GlobalSection(ProjectConfigurationPlatforms) = postSolution
		{8B4BC8C5-4C7E-449B-921A-C0068ECB91C2}.Debug|Any CPU.ActiveCfg = Debug|Any CPU
		{8B4BC8C5-4C7E-449B-921A-C0068ECB91C2}.Debug|Any CPU.Build.0 = Debug|Any CPU
		{8B4BC8C5-4C7E-449B-921A-C0068ECB91C2}.Release|Any CPU.ActiveCfg = Release|Any CPU
		{8B4BC8C5-4C7E-449B-921A-C0068ECB91C2}.Release|Any CPU.Build.0 = Release|Any CPU
		{3A9830E5-ED94-47CE-8EF5-282A05E1DFD6}.Debug|Any CPU.ActiveCfg = Debug|Any CPU
		{3A9830E5-ED94-47CE-8EF5-282A05E1DFD6}.Debug|Any CPU.Build.0 = Debug|Any CPU
		{3A9830E5-ED94-47CE-8EF5-282A05E1DFD6}.Release|Any CPU.ActiveCfg = Release|Any CPU
		{3A9830E5-ED94-47CE-8EF5-282A05E1DFD6}.Release|Any CPU.Build.0 = Release|Any CPU
	EndGlobalSection
	GlobalSection(SolutionProperties) = preSolution
		HideSolutionNode = FALSE
	EndGlobalSection
	GlobalSection(ExtensibilityGlobals) = postSolution
		SolutionGuid = {F7C6287B-5874-4B56-A6DB-509573594DD7}
	EndGlobalSection
EndGlobal
